
Microsoft Visual Studio Solution File, Format Version 12.00
# Visual Studio Version 17
VisualStudioVersion = 17.11.35431.28
MinimumVisualStudioVersion = 10.0.40219.1
Project("{FAE04EC0-301F-11D3-BF4B-00C04F79EFBC}") = "[CSLT] Final_Project", "[CSLT] Final_Project\[CSLT] Final_Project.csproj", "{D0E4D76B-FC8A-4E28-A81F-7DC07238DC59}"
EndProject
Global
	GlobalSection(SolutionConfigurationPlatforms) = preSolution
		Debug|Any CPU = Debug|Any CPU
		Release|Any CPU = Release|Any CPU
	EndGlobalSection
	GlobalSection(ProjectConfigurationPlatforms) = postSolution
		{D0E4D76B-FC8A-4E28-A81F-7DC07238DC59}.Debug|Any CPU.ActiveCfg = Debug|Any CPU
		{D0E4D76B-FC8A-4E28-A81F-7DC07238DC59}.Debug|Any CPU.Build.0 = Debug|Any CPU
		{D0E4D76B-FC8A-4E28-A81F-7DC07238DC59}.Release|Any CPU.ActiveCfg = Release|Any CPU
		{D0E4D76B-FC8A-4E28-A81F-7DC07238DC59}.Release|Any CPU.Build.0 = Release|Any CPU
	EndGlobalSection
	GlobalSection(SolutionProperties) = preSolution
		HideSolutionNode = FALSE
	EndGlobalSection
	GlobalSection(ExtensibilityGlobals) = postSolution
		SolutionGuid = {84AD87C0-51CA-4673-A2B5-42A87D109BAF}
	EndGlobalSection
EndGlobal
